
Microsoft Visual Studio Solution File, Format Version 12.00
# Visual Studio Version 17
VisualStudioVersion = 17.8.34322.80
MinimumVisualStudioVersion = 10.0.40219.1
Project("{FAE04EC0-301F-11D3-BF4B-00C04F79EFBC}") = "SOLIDPrinciples", "SOLIDPrinciples\SOLIDPrinciples.csproj", "{1DAFF6E0-589F-4D24-BF58-7D163755D6BD}"
EndProject
Global
	GlobalSection(SolutionConfigurationPlatforms) = preSolution
		Debug|Any CPU = Debug|Any CPU
		Release|Any CPU = Release|Any CPU
	EndGlobalSection
	GlobalSection(ProjectConfigurationPlatforms) = postSolution
		{1DAFF6E0-589F-4D24-BF58-7D163755D6BD}.Debug|Any CPU.ActiveCfg = Debug|Any CPU
		{1DAFF6E0-589F-4D24-BF58-7D163755D6BD}.Debug|Any CPU.Build.0 = Debug|Any CPU
		{1DAFF6E0-589F-4D24-BF58-7D163755D6BD}.Release|Any CPU.ActiveCfg = Release|Any CPU
		{1DAFF6E0-589F-4D24-BF58-7D163755D6BD}.Release|Any CPU.Build.0 = Release|Any CPU
	EndGlobalSection
	GlobalSection(SolutionProperties) = preSolution
		HideSolutionNode = FALSE
	EndGlobalSection
	GlobalSection(ExtensibilityGlobals) = postSolution
		SolutionGuid = {CB33807E-77AC-484D-B00F-7E9ED2BE1698}
	EndGlobalSection
EndGlobal
